Microsoft Visual Studio Solution File, Format Version 9.00
# Visual Studio 2005
Project("{8BC9CEB8-8B4A-11D0-8D11-00A0C91BC942}") = "LineConner", "MeshModelFrameWork.vcproj", "{5AA3BBA4-F4C7-45F3-B09F-F8A76B58E2D3}"
EndProject
Global
	GlobalSection(SubversionScc) = preSolution
		Svn-Managed = True
		Manager = AnkhSVN - Subversion Support for Visual Studio
	EndGlobalSection
	GlobalSection(SolutionConfigurationPlatforms) = preSolution
		Debug|Win32 = Debug|Win32
		Release|Win32 = Release|Win32
	EndGlobalSection
	GlobalSection(ProjectConfigurationPlatforms) = postSolution
		{5AA3BBA4-F4C7-45F3-B09F-F8A76B58E2D3}.Debug|Win32.ActiveCfg = Debug|Win32
		{5AA3BBA4-F4C7-45F3-B09F-F8A76B58E2D3}.Debug|Win32.Build.0 = Debug|Win32
		{5AA3BBA4-F4C7-45F3-B09F-F8A76B58E2D3}.Release|Win32.ActiveCfg = Release|Win32
		{5AA3BBA4-F4C7-45F3-B09F-F8A76B58E2D3}.Release|Win32.Build.0 = Release|Win32
	EndGlobalSection
	GlobalSection(SolutionProperties) = preSolution
		HideSolutionNode = FALSE
	EndGlobalSection
	GlobalSection(ExtensibilityGlobals) = postSolution
		AMDCaProjectFile = E:\Projects\Main Work\LineConner\CodeAnalyst\LineConner.caw
	EndGlobalSection
EndGlobal